
Microsoft Visual Studio Solution File, Format Version 12.00
# Visual Studio 15
Project("{FAE04EC0-301F-11D3-BF4B-00C04F79EFBC}") = "Homework - Lesson 2", "Assembly-CSharp.csproj", "{AC40680A-F9A3-7B41-1D60-28D32CFB0D2D}"
EndProject
Global
	GlobalSection(SolutionConfigurationPlatforms) = preSolution
		Debug|Any CPU = Debug|Any CPU
		Release|Any CPU = Release|Any CPU
	EndGlobalSection
	GlobalSection(ProjectConfigurationPlatforms) = postSolution
		{AC40680A-F9A3-7B41-1D60-28D32CFB0D2D}.Debug|Any CPU.ActiveCfg = Debug|Any CPU
		{AC40680A-F9A3-7B41-1D60-28D32CFB0D2D}.Debug|Any CPU.Build.0 = Debug|Any CPU
		{AC40680A-F9A3-7B41-1D60-28D32CFB0D2D}.Release|Any CPU.ActiveCfg = Release|Any CPU
		{AC40680A-F9A3-7B41-1D60-28D32CFB0D2D}.Release|Any CPU.Build.0 = Release|Any CPU
	EndGlobalSection
	GlobalSection(SolutionProperties) = preSolution
		HideSolutionNode = FALSE
	EndGlobalSection
EndGlobal
